# THIS IS AN AUTOGENERATED FILE. DO NOT EDIT THIS FILE DIRECTLY.
# yarn lockfile v1


"@adraffy/ens-normalize@1.10.0":
  version "1.10.0"
  resolved "https://registry.yarnpkg.com/@adraffy/ens-normalize/-/ens-normalize-1.10.0.tgz#d2a39395c587e092d77cbbc80acf956a54f38bf7"
  integrity sha512-nA9XHtlAkYfJxY7bce8DcN7eKxWWCWkU+1GR9d+U6MbNpfwQp8TI7vqOsBsMcHoT4mBu2kypKoSKnghEzOOq5Q==

"@noble/curves@1.4.0":
  version "1.4.0"
  resolved "https://registry.yarnpkg.com/@noble/curves/-/curves-1.4.0.tgz#f05771ef64da724997f69ee1261b2417a49522d6"
  integrity sha512-p+4cb332SFCrReJkCYe8Xzm0OWi4Jji5jVdIZRL/PmacmDkFNw6MrrV+gGpiPxLHbV+zKFRywUWbaseT+tZRXg==
  dependencies:
    "@noble/hashes" "1.4.0"

"@noble/curves@^1.4.0":
  version "1.6.0"
  resolved "https://registry.yarnpkg.com/@noble/curves/-/curves-1.6.0.tgz#be5296ebcd5a1730fccea4786d420f87abfeb40b"
  integrity sha512-TlaHRXDehJuRNR9TfZDNQ45mMEd5dwUwmicsafcIX4SsNiqnCHKjE/1alYPd/lDRVhxdhUAlv8uEhMCI5zjIJQ==
  dependencies:
    "@noble/hashes" "1.5.0"

"@noble/curves@~1.4.0":
  version "1.4.2"
  resolved "https://registry.yarnpkg.com/@noble/curves/-/curves-1.4.2.tgz#40309198c76ed71bc6dbf7ba24e81ceb4d0d1fe9"
  integrity sha512-TavHr8qycMChk8UwMld0ZDRvatedkzWfH8IiaeGCfymOP5i0hSCozz9vHOL0nkwk7HRMlFnAiKpS2jrUmSybcw==
  dependencies:
    "@noble/hashes" "1.4.0"

"@noble/hashes@1.4.0", "@noble/hashes@~1.4.0":
  version "1.4.0"
  resolved "https://registry.yarnpkg.com/@noble/hashes/-/hashes-1.4.0.tgz#45814aa329f30e4fe0ba49426f49dfccdd066426"
  integrity sha512-V1JJ1WTRUqHHrOSh597hURcMqVKVGL/ea3kv0gSnEdsEZ0/+VyPghM1lMNGc00z7CIQorSvbKpuJkxvuHbvdbg==

"@noble/hashes@1.5.0", "@noble/hashes@^1.4.0", "@noble/hashes@~1.5.0":
  version "1.5.0"
  resolved "https://registry.yarnpkg.com/@noble/hashes/-/hashes-1.5.0.tgz#abadc5ca20332db2b1b2aa3e496e9af1213570b0"
  integrity sha512-1j6kQFb7QRru7eKN3ZDvRcP13rugwdxZqCjbiAVZfIJwgj2A65UmT4TgARXGlXgnRkORLTDTrO19ZErt7+QXgA==

"@scure/base@~1.1.6", "@scure/base@~1.1.8":
  version "1.1.8"
  resolved "https://registry.yarnpkg.com/@scure/base/-/base-1.1.8.tgz#8f23646c352f020c83bca750a82789e246d42b50"
  integrity sha512-6CyAclxj3Nb0XT7GHK6K4zK6k2xJm6E4Ft0Ohjt4WgegiFUHEtFb2CGzmPmGBwoIhrLsqNLYfLr04Y1GePrzZg==

"@scure/bip32@1.4.0":
  version "1.4.0"
  resolved "https://registry.yarnpkg.com/@scure/bip32/-/bip32-1.4.0.tgz#4e1f1e196abedcef395b33b9674a042524e20d67"
  integrity sha512-sVUpc0Vq3tXCkDGYVWGIZTRfnvu8LoTDaev7vbwh0omSvVORONr960MQWdKqJDCReIEmTj3PAr73O3aoxz7OPg==
  dependencies:
    "@noble/curves" "~1.4.0"
    "@noble/hashes" "~1.4.0"
    "@scure/base" "~1.1.6"

"@scure/bip39@1.4.0":
  version "1.4.0"
  resolved "https://registry.yarnpkg.com/@scure/bip39/-/bip39-1.4.0.tgz#664d4f851564e2e1d4bffa0339f9546ea55960a6"
  integrity sha512-BEEm6p8IueV/ZTfQLp/0vhw4NPnT9oWf5+28nvmeUICjP99f4vr2d+qc7AVGDDtwRep6ifR43Yed9ERVmiITzw==
  dependencies:
    "@noble/hashes" "~1.5.0"
    "@scure/base" "~1.1.8"

abitype@1.0.5:
  version "1.0.5"
  resolved "https://registry.yarnpkg.com/abitype/-/abitype-1.0.5.tgz#29d0daa3eea867ca90f7e4123144c1d1270774b6"
  integrity sha512-YzDhti7cjlfaBhHutMaboYB21Ha3rXR9QTkNJFzYC4kC8YclaiwPBBBJY8ejFdu2wnJeZCVZSMlQJ7fi8S6hsw==

isows@1.0.4:
  version "1.0.4"
  resolved "https://registry.yarnpkg.com/isows/-/isows-1.0.4.tgz#810cd0d90cc4995c26395d2aa4cfa4037ebdf061"
  integrity sha512-hEzjY+x9u9hPmBom9IIAqdJCwNLax+xrPb51vEPpERoFlIxgmZcHzsT5jKG06nvInKOBGvReAVz80Umed5CczQ==

viem@^2.21.1:
  version "2.21.4"
  resolved "https://registry.yarnpkg.com/viem/-/viem-2.21.4.tgz#b413330f5e05d2ab9ed01bf6e6fe12bcb71788dd"
  integrity sha512-4E61XWhErjuXh5ObEoosKSy4iMvYnkuQq9jGLW5Isod68dNrENnyNV0QlVpn0LB3qunJ4ZMFMhYdfTjETqe7cQ==
  dependencies:
    "@adraffy/ens-normalize" "1.10.0"
    "@noble/curves" "1.4.0"
    "@noble/hashes" "1.4.0"
    "@scure/bip32" "1.4.0"
    "@scure/bip39" "1.4.0"
    abitype "1.0.5"
    isows "1.0.4"
    webauthn-p256 "0.0.5"
    ws "8.17.1"

webauthn-p256@0.0.5:
  version "0.0.5"
  resolved "https://registry.yarnpkg.com/webauthn-p256/-/webauthn-p256-0.0.5.tgz#0baebd2ba8a414b21cc09c0d40f9dd0be96a06bd"
  integrity sha512-drMGNWKdaixZNobeORVIqq7k5DsRC9FnG201K2QjeOoQLmtSDaSsVZdkg6n5jUALJKcAG++zBPJXmv6hy0nWFg==
  dependencies:
    "@noble/curves" "^1.4.0"
    "@noble/hashes" "^1.4.0"

ws@8.17.1:
  version "8.17.1"
  resolved "https://registry.yarnpkg.com/ws/-/ws-8.17.1.tgz#9293da530bb548febc95371d90f9c878727d919b"
  integrity sha512-6XQFvXTkbfUOZOKKILFG1PDK2NDQs4azKQl26T0YS5CxqWLgXajbPZ+h4gZekJyRqFU8pvnbAbbs/3TgRPy+GQ==
